
Microsoft Visual Studio Solution File, Format Version 12.00
# Visual Studio 15
VisualStudioVersion = 15.0.28307.421
MinimumVisualStudioVersion = 10.0.40219.1
Project("{9A19103F-16F7-4668-BE54-9A1E7A4F7556}") = "Tailf", "Tailf\Tailf.csproj", "{5B185082-E1AF-40D6-81A0-37C78467A9C3}"
EndProject
Global
	GlobalSection(SolutionConfigurationPlatforms) = preSolution
		Debug|Any CPU = Debug|Any CPU
		Release|Any CPU = Release|Any CPU
	EndGlobalSection
	GlobalSection(ProjectConfigurationPlatforms) = postSolution
		{5B185082-E1AF-40D6-81A0-37C78467A9C3}.Debug|Any CPU.ActiveCfg = Debug|Any CPU
		{5B185082-E1AF-40D6-81A0-37C78467A9C3}.Debug|Any CPU.Build.0 = Debug|Any CPU
		{5B185082-E1AF-40D6-81A0-37C78467A9C3}.Release|Any CPU.ActiveCfg = Release|Any CPU
		{5B185082-E1AF-40D6-81A0-37C78467A9C3}.Release|Any CPU.Build.0 = Release|Any CPU
	EndGlobalSection
	GlobalSection(SolutionProperties) = preSolution
		HideSolutionNode = FALSE
	EndGlobalSection
	GlobalSection(ExtensibilityGlobals) = postSolution
		SolutionGuid = {ECFFF596-8A08-44D5-8DA6-D0238A0BF2D5}
	EndGlobalSection
EndGlobal
